
Microsoft Visual Studio Solution File, Format Version 12.00
# Visual Studio 14
VisualStudioVersion = 14.0.25420.1
MinimumVisualStudioVersion = 10.0.40219.1
Project("{FAE04EC0-301F-11D3-BF4B-00C04F79EFBC}") = "Obscureware.Console.Commands", "Obscureware.Console.Commands\Obscureware.Console.Commands.csproj", "{C72CD243-E0BF-4F13-803B-0C1DF97B9008}"
EndProject
Project("{FAE04EC0-301F-11D3-BF4B-00C04F79EFBC}") = "ObscureWare.Console.Tests", "ObscureWare.Console.Tests\ObscureWare.Console.Tests.csproj", "{97CEFF9B-CCFC-4B26-921A-6FD142A780D3}"
EndProject
Project("{FAE04EC0-301F-11D3-BF4B-00C04F79EFBC}") = "ConsoleDemoTests", "Console.Tests\ConsoleDemoTests.csproj", "{CFB16C5C-EE36-4ACE-9513-0AD18DFF9D00}"
EndProject
Global
	GlobalSection(SolutionConfigurationPlatforms) = preSolution
		Debug|Any CPU = Debug|Any CPU
		Release|Any CPU = Release|Any CPU
	EndGlobalSection
	GlobalSection(ProjectConfigurationPlatforms) = postSolution
		{C72CD243-E0BF-4F13-803B-0C1DF97B9008}.Debug|Any CPU.ActiveCfg = Debug|Any CPU
		{C72CD243-E0BF-4F13-803B-0C1DF97B9008}.Debug|Any CPU.Build.0 = Debug|Any CPU
		{C72CD243-E0BF-4F13-803B-0C1DF97B9008}.Release|Any CPU.ActiveCfg = Release|Any CPU
		{C72CD243-E0BF-4F13-803B-0C1DF97B9008}.Release|Any CPU.Build.0 = Release|Any CPU
		{97CEFF9B-CCFC-4B26-921A-6FD142A780D3}.Debug|Any CPU.ActiveCfg = Debug|Any CPU
		{97CEFF9B-CCFC-4B26-921A-6FD142A780D3}.Debug|Any CPU.Build.0 = Debug|Any CPU
		{97CEFF9B-CCFC-4B26-921A-6FD142A780D3}.Release|Any CPU.ActiveCfg = Release|Any CPU
		{97CEFF9B-CCFC-4B26-921A-6FD142A780D3}.Release|Any CPU.Build.0 = Release|Any CPU
		{CFB16C5C-EE36-4ACE-9513-0AD18DFF9D00}.Debug|Any CPU.ActiveCfg = Debug|Any CPU
		{CFB16C5C-EE36-4ACE-9513-0AD18DFF9D00}.Debug|Any CPU.Build.0 = Debug|Any CPU
		{CFB16C5C-EE36-4ACE-9513-0AD18DFF9D00}.Release|Any CPU.ActiveCfg = Release|Any CPU
		{CFB16C5C-EE36-4ACE-9513-0AD18DFF9D00}.Release|Any CPU.Build.0 = Release|Any CPU
	EndGlobalSection
	GlobalSection(SolutionProperties) = preSolution
		HideSolutionNode = FALSE
	EndGlobalSection
EndGlobal
